
Microsoft Visual Studio Solution File, Format Version 12.00
# Visual Studio 15
VisualStudioVersion = 15.0.28307.852
MinimumVisualStudioVersion = 10.0.40219.1
Project("{FAE04EC0-301F-11D3-BF4B-00C04F79EFBC}") = "Microservice.Transaction", "Microservice.Transaction\Microservice.Transaction.csproj", "{7482FD8A-BA27-47F3-9EB2-9E6E11128194}"
EndProject
Project("{9A19103F-16F7-4668-BE54-9A1E7A4F7556}") = "ProductsMicroservice", "..\ProductsMicroservice\ProductsMicroservice\ProductsMicroservice.csproj", "{645313C7-8CE4-4521-90AC-44C071AAD897}"
EndProject
Project("{FAE04EC0-301F-11D3-BF4B-00C04F79EFBC}") = "Microservice.Gateway", "..\Microservice.Gateway\Microservice.Gateway.csproj", "{A0695407-FAA6-429A-AC67-3EF45FCF1C44}"
EndProject
Global
	GlobalSection(SolutionConfigurationPlatforms) = preSolution
		Debug|Any CPU = Debug|Any CPU
		Release|Any CPU = Release|Any CPU
	EndGlobalSection
	GlobalSection(ProjectConfigurationPlatforms) = postSolution
		{7482FD8A-BA27-47F3-9EB2-9E6E11128194}.Debug|Any CPU.ActiveCfg = Debug|Any CPU
		{7482FD8A-BA27-47F3-9EB2-9E6E11128194}.Debug|Any CPU.Build.0 = Debug|Any CPU
		{7482FD8A-BA27-47F3-9EB2-9E6E11128194}.Release|Any CPU.ActiveCfg = Release|Any CPU
		{7482FD8A-BA27-47F3-9EB2-9E6E11128194}.Release|Any CPU.Build.0 = Release|Any CPU
		{645313C7-8CE4-4521-90AC-44C071AAD897}.Debug|Any CPU.ActiveCfg = Debug|Any CPU
		{645313C7-8CE4-4521-90AC-44C071AAD897}.Debug|Any CPU.Build.0 = Debug|Any CPU
		{645313C7-8CE4-4521-90AC-44C071AAD897}.Release|Any CPU.ActiveCfg = Release|Any CPU
		{645313C7-8CE4-4521-90AC-44C071AAD897}.Release|Any CPU.Build.0 = Release|Any CPU
		{A0695407-FAA6-429A-AC67-3EF45FCF1C44}.Debug|Any CPU.ActiveCfg = Debug|Any CPU
		{A0695407-FAA6-429A-AC67-3EF45FCF1C44}.Debug|Any CPU.Build.0 = Debug|Any CPU
		{A0695407-FAA6-429A-AC67-3EF45FCF1C44}.Release|Any CPU.ActiveCfg = Release|Any CPU
		{A0695407-FAA6-429A-AC67-3EF45FCF1C44}.Release|Any CPU.Build.0 = Release|Any CPU
	EndGlobalSection
	GlobalSection(SolutionProperties) = preSolution
		HideSolutionNode = FALSE
	EndGlobalSection
	GlobalSection(ExtensibilityGlobals) = postSolution
		SolutionGuid = {13891755-0B61-48ED-B5B2-21051BD2E72A}
	EndGlobalSection
EndGlobal
